
Microsoft Visual Studio Solution File, Format Version 12.00
# Visual Studio Version 17
VisualStudioVersion = 17.7.34024.191
MinimumVisualStudioVersion = 10.0.40219.1
Project("{9A19103F-16F7-4668-BE54-9A1E7A4F7556}") = "TurnBasedCombat.Game", "TurnBasedCombat.Game\TurnBasedCombat.Game.csproj", "{EAAA3A85-CDA2-4893-BD69-244C11B75F2B}"
EndProject
Project("{FAE04EC0-301F-11D3-BF4B-00C04F79EFBC}") = "TurnBasedCombat.Shared", "..\TurnBasedCombat.Shared\TurnBasedCombat.Shared.csproj", "{F990A4AB-DB0B-4DC2-8EDF-EFC41259E33C}"
EndProject
Global
	GlobalSection(SolutionConfigurationPlatforms) = preSolution
		Debug|Any CPU = Debug|Any CPU
		Release|Any CPU = Release|Any CPU
	EndGlobalSection
	GlobalSection(ProjectConfigurationPlatforms) = postSolution
		{EAAA3A85-CDA2-4893-BD69-244C11B75F2B}.Debug|Any CPU.ActiveCfg = Debug|Any CPU
		{EAAA3A85-CDA2-4893-BD69-244C11B75F2B}.Debug|Any CPU.Build.0 = Debug|Any CPU
		{EAAA3A85-CDA2-4893-BD69-244C11B75F2B}.Release|Any CPU.ActiveCfg = Release|Any CPU
		{EAAA3A85-CDA2-4893-BD69-244C11B75F2B}.Release|Any CPU.Build.0 = Release|Any CPU
		{F990A4AB-DB0B-4DC2-8EDF-EFC41259E33C}.Debug|Any CPU.ActiveCfg = Debug|Any CPU
		{F990A4AB-DB0B-4DC2-8EDF-EFC41259E33C}.Debug|Any CPU.Build.0 = Debug|Any CPU
		{F990A4AB-DB0B-4DC2-8EDF-EFC41259E33C}.Release|Any CPU.ActiveCfg = Release|Any CPU
		{F990A4AB-DB0B-4DC2-8EDF-EFC41259E33C}.Release|Any CPU.Build.0 = Release|Any CPU
	EndGlobalSection
	GlobalSection(SolutionProperties) = preSolution
		HideSolutionNode = FALSE
	EndGlobalSection
	GlobalSection(ExtensibilityGlobals) = postSolution
		SolutionGuid = {3EF600CD-6D07-43FC-A384-E128043C0645}
	EndGlobalSection
EndGlobal
