
Microsoft Visual Studio Solution File, Format Version 12.00
# Visual Studio Version 17
VisualStudioVersion = 17.7.34024.191
MinimumVisualStudioVersion = 10.0.40219.1
Project("{FAE04EC0-301F-11D3-BF4B-00C04F79EFBC}") = "Turn based combat game", "Turn based combat game.csproj", "{AD10350B-13B9-440D-98BE-AA6D459306A9}"
EndProject
Global
	GlobalSection(SolutionConfigurationPlatforms) = preSolution
		Debug|Any CPU = Debug|Any CPU
		Release|Any CPU = Release|Any CPU
	EndGlobalSection
	GlobalSection(ProjectConfigurationPlatforms) = postSolution
		{AD10350B-13B9-440D-98BE-AA6D459306A9}.Debug|Any CPU.ActiveCfg = Debug|Any CPU
		{AD10350B-13B9-440D-98BE-AA6D459306A9}.Debug|Any CPU.Build.0 = Debug|Any CPU
		{AD10350B-13B9-440D-98BE-AA6D459306A9}.Release|Any CPU.ActiveCfg = Release|Any CPU
		{AD10350B-13B9-440D-98BE-AA6D459306A9}.Release|Any CPU.Build.0 = Release|Any CPU
	EndGlobalSection
	GlobalSection(SolutionProperties) = preSolution
		HideSolutionNode = FALSE
	EndGlobalSection
	GlobalSection(ExtensibilityGlobals) = postSolution
		SolutionGuid = {3EF600CD-6D07-43FC-A384-E128043C0645}
	EndGlobalSection
EndGlobal
